// !$*UTF8*$!
{
	archiveVersion = 1;
	classes = {
	};
	objectVersion = 55;
	objects = {

/* Begin PBXBuildFile section */
		478276F327BD2E3600A77C32 /* UI_467App.swift in Sources */ = {isa = PBXBuildFile; fileRef = 478276F227BD2E3600A77C32 /* UI_467App.swift */; };
		478276F527BD2E3600A77C32 /* ContentView.swift in Sources */ = {isa = PBXBuildFile; fileRef = 478276F427BD2E3600A77C32 /* ContentView.swift */; };
		478276F727BD2E3700A77C32 /* Assets.xcassets in Resources */ = {isa = PBXBuildFile; fileRef = 478276F627BD2E3700A77C32 /* Assets.xcassets */; };
		478276FA27BD2E3700A77C32 /* Preview Assets.xcassets in Resources */ = {isa = PBXBuildFile; fileRef = 478276F927BD2E3700A77C32 /* Preview Assets.xcassets */; };
		4782770427BD2E3700A77C32 /* UI_467Tests.swift in Sources */ = {isa = PBXBuildFile; fileRef = 4782770327BD2E3700A77C32 /* UI_467Tests.swift */; };
		4782770E27BD2E3700A77C32 /* UI_467UITests.swift in Sources */ = {isa = PBXBuildFile; fileRef = 4782770D27BD2E3700A77C32 /* UI_467UITests.swift */; };
		4782771027BD2E3700A77C32 /* UI_467UITestsLaunchTests.swift in Sources */ = {isa = PBXBuildFile; fileRef = 4782770F27BD2E3700A77C32 /* UI_467UITestsLaunchTests.swift */; };
		4782771E27BD2E6600A77C32 /* Home.swift in Sources */ = {isa = PBXBuildFile; fileRef = 4782771D27BD2E6600A77C32 /* Home.swift */; };
		4782772127BD2E7100A77C32 /* Puzzle.swift in Sources */ = {isa = PBXBuildFile; fileRef = 4782772027BD2E7100A77C32 /* Puzzle.swift */; };
		4782772327BD311E00A77C32 /* HoneyComboGridView.swift in Sources */ = {isa = PBXBuildFile; fileRef = 4782772227BD311E00A77C32 /* HoneyComboGridView.swift */; };
		4782772527BD367F00A77C32 /* HexgonView.swift in Sources */ = {isa = PBXBuildFile; fileRef = 4782772427BD367F00A77C32 /* HexgonView.swift */; };
/* End PBXBuildFile section */

/* Begin PBXContainerItemProxy section */
		4782770027BD2E3700A77C32 /* PBXContainerItemProxy */ = {
			isa = PBXContainerItemProxy;
			containerPortal = 478276E727BD2E3600A77C32 /* Project object */;
			proxyType = 1;
			remoteGlobalIDString = 478276EE27BD2E3600A77C32;
			remoteInfo = "UI-467";
		};
		4782770A27BD2E3700A77C32 /* PBXContainerItemProxy */ = {
			isa = PBXContainerItemProxy;
			containerPortal = 478276E727BD2E3600A77C32 /* Project object */;
			proxyType = 1;
			remoteGlobalIDString = 478276EE27BD2E3600A77C32;
			remoteInfo = "UI-467";
		};
/* End PBXContainerItemProxy section */

/* Begin PBXFileReference section */
		478276EF27BD2E3600A77C32 /* UI-467.app */ = {isa = PBXFileReference; explicitFileType = wrapper.application; includeInIndex = 0; path = "UI-467.app"; sourceTree = BUILT_PRODUCTS_DIR; };
		478276F227BD2E3600A77C32 /* UI_467App.swift */ = {isa = PBXFileReference; lastKnownFileType = sourcecode.swift; path = UI_467App.swift; sourceTree = "<group>"; };
		478276F427BD2E3600A77C32 /* ContentView.swift */ = {isa = PBXFileReference; lastKnownFileType = sourcecode.swift; path = ContentView.swift; sourceTree = "<group>"; };
		478276F627BD2E3700A77C32 /* Assets.xcassets */ = {isa = PBXFileReference; lastKnownFileType = folder.assetcatalog; path = Assets.xcassets; sourceTree = "<group>"; };
		478276F927BD2E3700A77C32 /* Preview Assets.xcassets */ = {isa = PBXFileReference; lastKnownFileType = folder.assetcatalog; path = "Preview Assets.xcassets"; sourceTree = "<group>"; };
		478276FF27BD2E3700A77C32 /* UI-467Tests.xctest */ = {isa = PBXFileReference; explicitFileType = wrapper.cfbundle; includeInIndex = 0; path = "UI-467Tests.xctest"; sourceTree = BUILT_PRODUCTS_DIR; };
		4782770327BD2E3700A77C32 /* UI_467Tests.swift */ = {isa = PBXFileReference; lastKnownFileType = sourcecode.swift; path = UI_467Tests.swift; sourceTree = "<group>"; };
		4782770927BD2E3700A77C32 /* UI-467UITests.xctest */ = {isa = PBXFileReference; explicitFileType = wrapper.cfbundle; includeInIndex = 0; path = "UI-467UITests.xctest"; sourceTree = BUILT_PRODUCTS_DIR; };
		4782770D27BD2E3700A77C32 /* UI_467UITests.swift */ = {isa = PBXFileReference; lastKnownFileType = sourcecode.swift; path = UI_467UITests.swift; sourceTree = "<group>"; };
		4782770F27BD2E3700A77C32 /* UI_467UITestsLaunchTests.swift */ = {isa = PBXFileReference; lastKnownFileType = sourcecode.swift; path = UI_467UITestsLaunchTests.swift; sourceTree = "<group>"; };
		4782771D27BD2E6600A77C32 /* Home.swift */ = {isa = PBXFileReference; lastKnownFileType = sourcecode.swift; path = Home.swift; sourceTree = "<group>"; };
		4782772027BD2E7100A77C32 /* Puzzle.swift */ = {isa = PBXFileReference; lastKnownFileType = sourcecode.swift; path = Puzzle.swift; sourceTree = "<group>"; };
		4782772227BD311E00A77C32 /* HoneyComboGridView.swift */ = {isa = PBXFileReference; lastKnownFileType = sourcecode.swift; path = HoneyComboGridView.swift; sourceTree = "<group>"; };
		4782772427BD367F00A77C32 /* HexgonView.swift */ = {isa = PBXFileReference; lastKnownFileType = sourcecode.swift; path = HexgonView.swift; sourceTree = "<group>"; };
/* End PBXFileReference section */

/* Begin PBXFrameworksBuildPhase section */
		478276EC27BD2E3600A77C32 /* Frameworks */ = {
			isa = PBXFrameworksBuildPhase;
			buildActionMask = 2147483647;
			files = (
			);
			runOnlyForDeploymentPostprocessing = 0;
		};
		478276FC27BD2E3700A77C32 /* Frameworks */ = {
			isa = PBXFrameworksBuildPhase;
			buildActionMask = 2147483647;
			files = (
			);
			runOnlyForDeploymentPostprocessing = 0;
		};
		4782770627BD2E3700A77C32 /* Frameworks */ = {
			isa = PBXFrameworksBuildPhase;
			buildActionMask = 2147483647;
			files = (
			);
			runOnlyForDeploymentPostprocessing = 0;
		};
/* End PBXFrameworksBuildPhase section */

/* Begin PBXGroup section */
		478276E627BD2E3600A77C32 = {
			isa = PBXGroup;
			children = (
				478276F127BD2E3600A77C32 /* UI-467 */,
				4782770227BD2E3700A77C32 /* UI-467Tests */,
				4782770C27BD2E3700A77C32 /* UI-467UITests */,
				478276F027BD2E3600A77C32 /* Products */,
			);
			sourceTree = "<group>";
		};
		478276F027BD2E3600A77C32 /* Products */ = {
			isa = PBXGroup;
			children = (
				478276EF27BD2E3600A77C32 /* UI-467.app */,
				478276FF27BD2E3700A77C32 /* UI-467Tests.xctest */,
				4782770927BD2E3700A77C32 /* UI-467UITests.xctest */,
			);
			name = Products;
			sourceTree = "<group>";
		};
		478276F127BD2E3600A77C32 /* UI-467 */ = {
			isa = PBXGroup;
			children = (
				4782771F27BD2E6900A77C32 /* Model */,
				4782771C27BD2E6000A77C32 /* View */,
				478276F227BD2E3600A77C32 /* UI_467App.swift */,
				478276F427BD2E3600A77C32 /* ContentView.swift */,
				478276F627BD2E3700A77C32 /* Assets.xcassets */,
				478276F827BD2E3700A77C32 /* Preview Content */,
			);
			path = "UI-467";
			sourceTree = "<group>";
		};
		478276F827BD2E3700A77C32 /* Preview Content */ = {
			isa = PBXGroup;
			children = (
				478276F927BD2E3700A77C32 /* Preview Assets.xcassets */,
			);
			path = "Preview Content";
			sourceTree = "<group>";
		};
		4782770227BD2E3700A77C32 /* UI-467Tests */ = {
			isa = PBXGroup;
			children = (
				4782770327BD2E3700A77C32 /* UI_467Tests.swift */,
			);
			path = "UI-467Tests";
			sourceTree = "<group>";
		};
		4782770C27BD2E3700A77C32 /* UI-467UITests */ = {
			isa = PBXGroup;
			children = (
				4782770D27BD2E3700A77C32 /* UI_467UITests.swift */,
				4782770F27BD2E3700A77C32 /* UI_467UITestsLaunchTests.swift */,
			);
			path = "UI-467UITests";
			sourceTree = "<group>";
		};
		4782771C27BD2E6000A77C32 /* View */ = {
			isa = PBXGroup;
			children = (
				4782771D27BD2E6600A77C32 /* Home.swift */,
				4782772227BD311E00A77C32 /* HoneyComboGridView.swift */,
				4782772427BD367F00A77C32 /* HexgonView.swift */,
			);
			path = View;
			sourceTree = "<group>";
		};
		4782771F27BD2E6900A77C32 /* Model */ = {
			isa = PBXGroup;
			children = (
				4782772027BD2E7100A77C32 /* Puzzle.swift */,
			);
			path = Model;
			sourceTree = "<group>";
		};
/* End PBXGroup section */

/* Begin PBXNativeTarget section */
		478276EE27BD2E3600A77C32 /* UI-467 */ = {
			isa = PBXNativeTarget;
			buildConfigurationList = 4782771327BD2E3700A77C32 /* Build configuration list for PBXNativeTarget "UI-467" */;
			buildPhases = (
				478276EB27BD2E3600A77C32 /* Sources */,
				478276EC27BD2E3600A77C32 /* Frameworks */,
				478276ED27BD2E3600A77C32 /* Resources */,
			);
			buildRules = (
			);
			dependencies = (
			);
			name = "UI-467";
			productName = "UI-467";
			productReference = 478276EF27BD2E3600A77C32 /* UI-467.app */;
			productType = "com.apple.product-type.application";
		};
		478276FE27BD2E3700A77C32 /* UI-467Tests */ = {
			isa = PBXNativeTarget;
			buildConfigurationList = 4782771627BD2E3700A77C32 /* Build configuration list for PBXNativeTarget "UI-467Tests" */;
			buildPhases = (
				478276FB27BD2E3700A77C32 /* Sources */,
				478276FC27BD2E3700A77C32 /* Frameworks */,
				478276FD27BD2E3700A77C32 /* Resources */,
			);
			buildRules = (
			);
			dependencies = (
				4782770127BD2E3700A77C32 /* PBXTargetDependency */,
			);
			name = "UI-467Tests";
			productName = "UI-467Tests";
			productReference = 478276FF27BD2E3700A77C32 /* UI-467Tests.xctest */;
			productType = "com.apple.product-type.bundle.unit-test";
		};
		4782770827BD2E3700A77C32 /* UI-467UITests */ = {
			isa = PBXNativeTarget;
			buildConfigurationList = 4782771927BD2E3700A77C32 /* Build configuration list for PBXNativeTarget "UI-467UITests" */;
			buildPhases = (
				4782770527BD2E3700A77C32 /* Sources */,
				4782770627BD2E3700A77C32 /* Frameworks */,
				4782770727BD2E3700A77C32 /* Resources */,
			);
			buildRules = (
			);
			dependencies = (
				4782770B27BD2E3700A77C32 /* PBXTargetDependency */,
			);
			name = "UI-467UITests";
			productName = "UI-467UITests";
			productReference = 4782770927BD2E3700A77C32 /* UI-467UITests.xctest */;
			productType = "com.apple.product-type.bundle.ui-testing";
		};
/* End PBXNativeTarget section */

/* Begin PBXProject section */
		478276E727BD2E3600A77C32 /* Project object */ = {
			isa = PBXProject;
			attributes = {
				BuildIndependentTargetsInParallel = 1;
				LastSwiftUpdateCheck = 1330;
				LastUpgradeCheck = 1330;
				TargetAttributes = {
					478276EE27BD2E3600A77C32 = {
						CreatedOnToolsVersion = 13.3;
					};
					478276FE27BD2E3700A77C32 = {
						CreatedOnToolsVersion = 13.3;
						TestTargetID = 478276EE27BD2E3600A77C32;
					};
					4782770827BD2E3700A77C32 = {
						CreatedOnToolsVersion = 13.3;
						TestTargetID = 478276EE27BD2E3600A77C32;
					};
				};
			};
			buildConfigurationList = 478276EA27BD2E3600A77C32 /* Build configuration list for PBXProject "UI-467" */;
			compatibilityVersion = "Xcode 13.0";
			developmentRegion = en;
			hasScannedForEncodings = 0;
			knownRegions = (
				en,
				Base,
			);
			mainGroup = 478276E627BD2E3600A77C32;
			productRefGroup = 478276F027BD2E3600A77C32 /* Products */;
			projectDirPath = "";
			projectRoot = "";
			targets = (
				478276EE27BD2E3600A77C32 /* UI-467 */,
				478276FE27BD2E3700A77C32 /* UI-467Tests */,
				4782770827BD2E3700A77C32 /* UI-467UITests */,
			);
		};
/* End PBXProject section */

/* Begin PBXResourcesBuildPhase section */
		478276ED27BD2E3600A77C32 /* Resources */ = {
			isa = PBXResourcesBuildPhase;
			buildActionMask = 2147483647;
			files = (
				478276FA27BD2E3700A77C32 /* Preview Assets.xcassets in Resources */,
				478276F727BD2E3700A77C32 /* Assets.xcassets in Resources */,
			);
			runOnlyForDeploymentPostprocessing = 0;
		};
		478276FD27BD2E3700A77C32 /* Resources */ = {
			isa = PBXResourcesBuildPhase;
			buildActionMask = 2147483647;
			files = (
			);
			runOnlyForDeploymentPostprocessing = 0;
		};
		4782770727BD2E3700A77C32 /* Resources */ = {
			isa = PBXResourcesBuildPhase;
			buildActionMask = 2147483647;
			files = (
			);
			runOnlyForDeploymentPostprocessing = 0;
		};
/* End PBXResourcesBuildPhase section */

/* Begin PBXSourcesBuildPhase section */
		478276EB27BD2E3600A77C32 /* Sources */ = {
			isa = PBXSourcesBuildPhase;
			buildActionMask = 2147483647;
			files = (
				478276F527BD2E3600A77C32 /* ContentView.swift in Sources */,
				4782772327BD311E00A77C32 /* HoneyComboGridView.swift in Sources */,
				4782772127BD2E7100A77C32 /* Puzzle.swift in Sources */,
				4782771E27BD2E6600A77C32 /* Home.swift in Sources */,
				478276F327BD2E3600A77C32 /* UI_467App.swift in Sources */,
				4782772527BD367F00A77C32 /* HexgonView.swift in Sources */,
			);
			runOnlyForDeploymentPostprocessing = 0;
		};
		478276FB27BD2E3700A77C32 /* Sources */ = {
			isa = PBXSourcesBuildPhase;
			buildActionMask = 2147483647;
			files = (
				4782770427BD2E3700A77C32 /* UI_467Tests.swift in Sources */,
			);
			runOnlyForDeploymentPostprocessing = 0;
		};
		4782770527BD2E3700A77C32 /* Sources */ = {
			isa = PBXSourcesBuildPhase;
			buildActionMask = 2147483647;
			files = (
				4782771027BD2E3700A77C32 /* UI_467UITestsLaunchTests.swift in Sources */,
				4782770E27BD2E3700A77C32 /* UI_467UITests.swift in Sources */,
			);
			runOnlyForDeploymentPostprocessing = 0;
		};
/* End PBXSourcesBuildPhase section */

/* Begin PBXTargetDependency section */
		4782770127BD2E3700A77C32 /* PBXTargetDependency */ = {
			isa = PBXTargetDependency;
			target = 478276EE27BD2E3600A77C32 /* UI-467 */;
			targetProxy = 4782770027BD2E3700A77C32 /* PBXContainerItemProxy */;
		};
		4782770B27BD2E3700A77C32 /* PBXTargetDependency */ = {
			isa = PBXTargetDependency;
			target = 478276EE27BD2E3600A77C32 /* UI-467 */;
			targetProxy = 4782770A27BD2E3700A77C32 /* PBXContainerItemProxy */;
		};
/* End PBXTargetDependency section */

/* Begin XCBuildConfiguration section */
		4782771127BD2E3700A77C32 /* Debug */ = {
			isa = XCBuildConfiguration;
			buildSettings = {
				ALWAYS_SEARCH_USER_PATHS = NO;
				CLANG_ANALYZER_NONNULL = YES;
				CLANG_ANALYZER_NUMBER_OBJECT_CONVERSION = YES_AGGRESSIVE;
				CLANG_CXX_LANGUAGE_STANDARD = "gnu++17";
				CLANG_ENABLE_MODULES = YES;
				CLANG_ENABLE_OBJC_ARC = YES;
				CLANG_ENABLE_OBJC_WEAK = YES;
				CLANG_WARN_BLOCK_CAPTURE_AUTORELEASING = YES;
				CLANG_WARN_BOOL_CONVERSION = YES;
				CLANG_WARN_COMMA = YES;
				CLANG_WARN_CONSTANT_CONVERSION = YES;
				CLANG_WARN_DEPRECATED_OBJC_IMPLEMENTATIONS = YES;
				CLANG_WARN_DIRECT_OBJC_ISA_USAGE = YES_ERROR;
				CLANG_WARN_DOCUMENTATION_COMMENTS = YES;
				CLANG_WARN_EMPTY_BODY = YES;
				CLANG_WARN_ENUM_CONVERSION = YES;
				CLANG_WARN_INFINITE_RECURSION = YES;
				CLANG_WARN_INT_CONVERSION = YES;
				CLANG_WARN_NON_LITERAL_NULL_CONVERSION = YES;
				CLANG_WARN_OBJC_IMPLICIT_RETAIN_SELF = YES;
				CLANG_WARN_OBJC_LITERAL_CONVERSION = YES;
				CLANG_WARN_OBJC_ROOT_CLASS = YES_ERROR;
				CLANG_WARN_QUOTED_INCLUDE_IN_FRAMEWORK_HEADER = YES;
				CLANG_WARN_RANGE_LOOP_ANALYSIS = YES;
				CLANG_WARN_STRICT_PROTOTYPES = YES;
				CLANG_WARN_SUSPICIOUS_MOVE = YES;
				CLANG_WARN_UNGUARDED_AVAILABILITY = YES_AGGRESSIVE;
				CLANG_WARN_UNREACHABLE_CODE = YES;
				CLANG_WARN__DUPLICATE_METHOD_MATCH = YES;
				COPY_PHASE_STRIP = NO;
				DEBUG_INFORMATION_FORMAT = dwarf;
				ENABLE_STRICT_OBJC_MSGSEND = YES;
				ENABLE_TESTABILITY = YES;
				GCC_C_LANGUAGE_STANDARD = gnu11;
				GCC_DYNAMIC_NO_PIC = NO;
				GCC_NO_COMMON_BLOCKS = YES;
				GCC_OPTIMIZATION_LEVEL = 0;
				GCC_PREPROCESSOR_DEFINITIONS = (
					"DEBUG=1",
					"$(inherited)",
				);
				GCC_WARN_64_TO_32_BIT_CONVERSION = YES;
				GCC_WARN_ABOUT_RETURN_TYPE = YES_ERROR;
				GCC_WARN_UNDECLARED_SELECTOR = YES;
				GCC_WARN_UNINITIALIZED_AUTOS = YES_AGGRESSIVE;
				GCC_WARN_UNUSED_FUNCTION = YES;
				GCC_WARN_UNUSED_VARIABLE = YES;
				IPHONEOS_DEPLOYMENT_TARGET = 15.4;
				MTL_ENABLE_DEBUG_INFO = INCLUDE_SOURCE;
				MTL_FAST_MATH = YES;
				ONLY_ACTIVE_ARCH = YES;
				SDKROOT = iphoneos;
				SWIFT_ACTIVE_COMPILATION_CONDITIONS = DEBUG;
				SWIFT_OPTIMIZATION_LEVEL = "-Onone";
			};
			name = Debug;
		};
		4782771227BD2E3700A77C32 /* Release */ = {
			isa = XCBuildConfiguration;
			buildSettings = {
				ALWAYS_SEARCH_USER_PATHS = NO;
				CLANG_ANALYZER_NONNULL = YES;
				CLANG_ANALYZER_NUMBER_OBJECT_CONVERSION = YES_AGGRESSIVE;
				CLANG_CXX_LANGUAGE_STANDARD = "gnu++17";
				CLANG_ENABLE_MODULES = YES;
				CLANG_ENABLE_OBJC_ARC = YES;
				CLANG_ENABLE_OBJC_WEAK = YES;
				CLANG_WARN_BLOCK_CAPTURE_AUTORELEASING = YES;
				CLANG_WARN_BOOL_CONVERSION = YES;
				CLANG_WARN_COMMA = YES;
				CLANG_WARN_CONSTANT_CONVERSION = YES;
				CLANG_WARN_DEPRECATED_OBJC_IMPLEMENTATIONS = YES;
				CLANG_WARN_DIRECT_OBJC_ISA_USAGE = YES_ERROR;
				CLANG_WARN_DOCUMENTATION_COMMENTS = YES;
				CLANG_WARN_EMPTY_BODY = YES;
				CLANG_WARN_ENUM_CONVERSION = YES;
				CLANG_WARN_INFINITE_RECURSION = YES;
				CLANG_WARN_INT_CONVERSION = YES;
				CLANG_WARN_NON_LITERAL_NULL_CONVERSION = YES;
				CLANG_WARN_OBJC_IMPLICIT_RETAIN_SELF = YES;
				CLANG_WARN_OBJC_LITERAL_CONVERSION = YES;
				CLANG_WARN_OBJC_ROOT_CLASS = YES_ERROR;
				CLANG_WARN_QUOTED_INCLUDE_IN_FRAMEWORK_HEADER = YES;
				CLANG_WARN_RANGE_LOOP_ANALYSIS = YES;
				CLANG_WARN_STRICT_PROTOTYPES = YES;
				CLANG_WARN_SUSPICIOUS_MOVE = YES;
				CLANG_WARN_UNGUARDED_AVAILABILITY = YES_AGGRESSIVE;
				CLANG_WARN_UNREACHABLE_CODE = YES;
				CLANG_WARN__DUPLICATE_METHOD_MATCH = YES;
				COPY_PHASE_STRIP = NO;
				DEBUG_INFORMATION_FORMAT = "dwarf-with-dsym";
				ENABLE_NS_ASSERTIONS = NO;
				ENABLE_STRICT_OBJC_MSGSEND = YES;
				GCC_C_LANGUAGE_STANDARD = gnu11;
				GCC_NO_COMMON_BLOCKS = YES;
				GCC_WARN_64_TO_32_BIT_CONVERSION = YES;
				GCC_WARN_ABOUT_RETURN_TYPE = YES_ERROR;
				GCC_WARN_UNDECLARED_SELECTOR = YES;
				GCC_WARN_UNINITIALIZED_AUTOS = YES_AGGRESSIVE;
				GCC_WARN_UNUSED_FUNCTION = YES;
				GCC_WARN_UNUSED_VARIABLE = YES;
				IPHONEOS_DEPLOYMENT_TARGET = 15.4;
				MTL_ENABLE_DEBUG_INFO = NO;
				MTL_FAST_MATH = YES;
				SDKROOT = iphoneos;
				SWIFT_COMPILATION_MODE = wholemodule;
				SWIFT_OPTIMIZATION_LEVEL = "-O";
				VALIDATE_PRODUCT = YES;
			};
			name = Release;
		};
		4782771427BD2E3700A77C32 /* Debug */ = {
			isa = XCBuildConfiguration;
			buildSettings = {
				ASSETCATALOG_COMPILER_APPICON_NAME = AppIcon;
				ASSETCATALOG_COMPILER_GLOBAL_ACCENT_COLOR_NAME = AccentColor;
				CODE_SIGN_STYLE = Automatic;
				CURRENT_PROJECT_VERSION = 1;
				DEVELOPMENT_ASSET_PATHS = "\"UI-467/Preview Content\"";
				DEVELOPMENT_TEAM = 8CL4U468K5;
				ENABLE_PREVIEWS = YES;
				GENERATE_INFOPLIST_FILE = YES;
				INFOPLIST_KEY_UIApplicationSceneManifest_Generation = YES;
				INFOPLIST_KEY_UIApplicationSupportsIndirectInputEvents = YES;
				INFOPLIST_KEY_UILaunchScreen_Generation = YES;
				INFOPLIST_KEY_UISupportedInterfaceOrientations_iPad = "UIInterfaceOrientationPortrait UIInterfaceOrientationPortraitUpsideDown UIInterfaceOrientationLandscapeLeft UIInterfaceOrientationLandscapeRight";
				INFOPLIST_KEY_UISupportedInterfaceOrientations_iPhone = "UIInterfaceOrientationPortrait UIInterfaceOrientationLandscapeLeft UIInterfaceOrientationLandscapeRight";
				LD_RUNPATH_SEARCH_PATHS = (
					"$(inherited)",
					"@executable_path/Frameworks",
				);
				MARKETING_VERSION = 1.0;
				PRODUCT_BUNDLE_IDENTIFIER = "com.585.UI-467";
				PRODUCT_NAME = "$(TARGET_NAME)";
				SWIFT_EMIT_LOC_STRINGS = YES;
				SWIFT_VERSION = 5.0;
				TARGETED_DEVICE_FAMILY = "1,2";
			};
			name = Debug;
		};
		4782771527BD2E3700A77C32 /* Release */ = {
			isa = XCBuildConfiguration;
			buildSettings = {
				ASSETCATALOG_COMPILER_APPICON_NAME = AppIcon;
				ASSETCATALOG_COMPILER_GLOBAL_ACCENT_COLOR_NAME = AccentColor;
				CODE_SIGN_STYLE = Automatic;
				CURRENT_PROJECT_VERSION = 1;
				DEVELOPMENT_ASSET_PATHS = "\"UI-467/Preview Content\"";
				DEVELOPMENT_TEAM = 8CL4U468K5;
				ENABLE_PREVIEWS = YES;
				GENERATE_INFOPLIST_FILE = YES;
				INFOPLIST_KEY_UIApplicationSceneManifest_Generation = YES;
				INFOPLIST_KEY_UIApplicationSupportsIndirectInputEvents = YES;
				INFOPLIST_KEY_UILaunchScreen_Generation = YES;
				INFOPLIST_KEY_UISupportedInterfaceOrientations_iPad = "UIInterfaceOrientationPortrait UIInterfaceOrientationPortraitUpsideDown UIInterfaceOrientationLandscapeLeft UIInterfaceOrientationLandscapeRight";
				INFOPLIST_KEY_UISupportedInterfaceOrientations_iPhone = "UIInterfaceOrientationPortrait UIInterfaceOrientationLandscapeLeft UIInterfaceOrientationLandscapeRight";
				LD_RUNPATH_SEARCH_PATHS = (
					"$(inherited)",
					"@executable_path/Frameworks",
				);
				MARKETING_VERSION = 1.0;
				PRODUCT_BUNDLE_IDENTIFIER = "com.585.UI-467";
				PRODUCT_NAME = "$(TARGET_NAME)";
				SWIFT_EMIT_LOC_STRINGS = YES;
				SWIFT_VERSION = 5.0;
				TARGETED_DEVICE_FAMILY = "1,2";
			};
			name = Release;
		};
		4782771727BD2E3700A77C32 /* Debug */ = {
			isa = XCBuildConfiguration;
			buildSettings = {
				ALWAYS_EMBED_SWIFT_STANDARD_LIBRARIES = YES;
				BUNDLE_LOADER = "$(TEST_HOST)";
				CODE_SIGN_STYLE = Automatic;
				CURRENT_PROJECT_VERSION = 1;
				DEVELOPMENT_TEAM = 8CL4U468K5;
				GENERATE_INFOPLIST_FILE = YES;
				IPHONEOS_DEPLOYMENT_TARGET = 15.4;
				MARKETING_VERSION = 1.0;
				PRODUCT_BUNDLE_IDENTIFIER = "com.585.UI-467Tests";
				PRODUCT_NAME = "$(TARGET_NAME)";
				SWIFT_EMIT_LOC_STRINGS = NO;
				SWIFT_VERSION = 5.0;
				TARGETED_DEVICE_FAMILY = "1,2";
				TEST_HOST = "$(BUILT_PRODUCTS_DIR)/UI-467.app/UI-467";
			};
			name = Debug;
		};
		4782771827BD2E3700A77C32 /* Release */ = {
			isa = XCBuildConfiguration;
			buildSettings = {
				ALWAYS_EMBED_SWIFT_STANDARD_LIBRARIES = YES;
				BUNDLE_LOADER = "$(TEST_HOST)";
				CODE_SIGN_STYLE = Automatic;
				CURRENT_PROJECT_VERSION = 1;
				DEVELOPMENT_TEAM = 8CL4U468K5;
				GENERATE_INFOPLIST_FILE = YES;
				IPHONEOS_DEPLOYMENT_TARGET = 15.4;
				MARKETING_VERSION = 1.0;
				PRODUCT_BUNDLE_IDENTIFIER = "com.585.UI-467Tests";
				PRODUCT_NAME = "$(TARGET_NAME)";
				SWIFT_EMIT_LOC_STRINGS = NO;
				SWIFT_VERSION = 5.0;
				TARGETED_DEVICE_FAMILY = "1,2";
				TEST_HOST = "$(BUILT_PRODUCTS_DIR)/UI-467.app/UI-467";
			};
			name = Release;
		};
		4782771A27BD2E3700A77C32 /* Debug */ = {
			isa = XCBuildConfiguration;
			buildSettings = {
				ALWAYS_EMBED_SWIFT_STANDARD_LIBRARIES = YES;
				CODE_SIGN_STYLE = Automatic;
				CURRENT_PROJECT_VERSION = 1;
				DEVELOPMENT_TEAM = 8CL4U468K5;
				GENERATE_INFOPLIST_FILE = YES;
				MARKETING_VERSION = 1.0;
				PRODUCT_BUNDLE_IDENTIFIER = "com.585.UI-467UITests";
				PRODUCT_NAME = "$(TARGET_NAME)";
				SWIFT_EMIT_LOC_STRINGS = NO;
				SWIFT_VERSION = 5.0;
				TARGETED_DEVICE_FAMILY = "1,2";
				TEST_TARGET_NAME = "UI-467";
			};
			name = Debug;
		};
		4782771B27BD2E3700A77C32 /* Release */ = {
			isa = XCBuildConfiguration;
			buildSettings = {
				ALWAYS_EMBED_SWIFT_STANDARD_LIBRARIES = YES;
				CODE_SIGN_STYLE = Automatic;
				CURRENT_PROJECT_VERSION = 1;
				DEVELOPMENT_TEAM = 8CL4U468K5;
				GENERATE_INFOPLIST_FILE = YES;
				MARKETING_VERSION = 1.0;
				PRODUCT_BUNDLE_IDENTIFIER = "com.585.UI-467UITests";
				PRODUCT_NAME = "$(TARGET_NAME)";
				SWIFT_EMIT_LOC_STRINGS = NO;
				SWIFT_VERSION = 5.0;
				TARGETED_DEVICE_FAMILY = "1,2";
				TEST_TARGET_NAME = "UI-467";
			};
			name = Release;
		};
/* End XCBuildConfiguration section */

/* Begin XCConfigurationList section */
		478276EA27BD2E3600A77C32 /* Build configuration list for PBXProject "UI-467" */ = {
			isa = XCConfigurationList;
			buildConfigurations = (
				4782771127BD2E3700A77C32 /* Debug */,
				4782771227BD2E3700A77C32 /* Release */,
			);
			defaultConfigurationIsVisible = 0;
			defaultConfigurationName = Release;
		};
		4782771327BD2E3700A77C32 /* Build configuration list for PBXNativeTarget "UI-467" */ = {
			isa = XCConfigurationList;
			buildConfigurations = (
				4782771427BD2E3700A77C32 /* Debug */,
				4782771527BD2E3700A77C32 /* Release */,
			);
			defaultConfigurationIsVisible = 0;
			defaultConfigurationName = Release;
		};
		4782771627BD2E3700A77C32 /* Build configuration list for PBXNativeTarget "UI-467Tests" */ = {
			isa = XCConfigurationList;
			buildConfigurations = (
				4782771727BD2E3700A77C32 /* Debug */,
				4782771827BD2E3700A77C32 /* Release */,
			);
			defaultConfigurationIsVisible = 0;
			defaultConfigurationName = Release;
		};
		4782771927BD2E3700A77C32 /* Build configuration list for PBXNativeTarget "UI-467UITests" */ = {
			isa = XCConfigurationList;
			buildConfigurations = (
				4782771A27BD2E3700A77C32 /* Debug */,
				4782771B27BD2E3700A77C32 /* Release */,
			);
			defaultConfigurationIsVisible = 0;
			defaultConfigurationName = Release;
		};
/* End XCConfigurationList section */
	};
	rootObject = 478276E727BD2E3600A77C32 /* Project object */;
}
